
Microsoft Visual Studio Solution File, Format Version 12.00
# Visual Studio Version 17
VisualStudioVersion = 17.3.32929.385
MinimumVisualStudioVersion = 10.0.40219.1
Project("{9A19103F-16F7-4668-BE54-9A1E7A4F7556}") = "MyAPI6", "MyAPI6.csproj", "{578DD485-7341-4C27-ACA7-AE0D0809D975}"
EndProject
Project("{9A19103F-16F7-4668-BE54-9A1E7A4F7556}") = "Core", "..\Core\Core.csproj", "{DC1D3DCE-1995-4E49-BA33-B25B1AA8E26C}"
EndProject
Project("{FAE04EC0-301F-11D3-BF4B-00C04F79EFBC}") = "ConsoleApp1", "..\ConsoleApp1\ConsoleApp1.csproj", "{45452016-AC8C-4B7D-9FCF-0478C035ACB6}"
EndProject
Global
	GlobalSection(SolutionConfigurationPlatforms) = preSolution
		Debug|Any CPU = Debug|Any CPU
		Release|Any CPU = Release|Any CPU
	EndGlobalSection
	GlobalSection(ProjectConfigurationPlatforms) = postSolution
		{578DD485-7341-4C27-ACA7-AE0D0809D975}.Debug|Any CPU.ActiveCfg = Debug|Any CPU
		{578DD485-7341-4C27-ACA7-AE0D0809D975}.Debug|Any CPU.Build.0 = Debug|Any CPU
		{578DD485-7341-4C27-ACA7-AE0D0809D975}.Release|Any CPU.ActiveCfg = Release|Any CPU
		{578DD485-7341-4C27-ACA7-AE0D0809D975}.Release|Any CPU.Build.0 = Release|Any CPU
		{DC1D3DCE-1995-4E49-BA33-B25B1AA8E26C}.Debug|Any CPU.ActiveCfg = Debug|Any CPU
		{DC1D3DCE-1995-4E49-BA33-B25B1AA8E26C}.Debug|Any CPU.Build.0 = Debug|Any CPU
		{DC1D3DCE-1995-4E49-BA33-B25B1AA8E26C}.Release|Any CPU.ActiveCfg = Release|Any CPU
		{DC1D3DCE-1995-4E49-BA33-B25B1AA8E26C}.Release|Any CPU.Build.0 = Release|Any CPU
		{45452016-AC8C-4B7D-9FCF-0478C035ACB6}.Debug|Any CPU.ActiveCfg = Debug|Any CPU
		{45452016-AC8C-4B7D-9FCF-0478C035ACB6}.Debug|Any CPU.Build.0 = Debug|Any CPU
		{45452016-AC8C-4B7D-9FCF-0478C035ACB6}.Release|Any CPU.ActiveCfg = Release|Any CPU
		{45452016-AC8C-4B7D-9FCF-0478C035ACB6}.Release|Any CPU.Build.0 = Release|Any CPU
	EndGlobalSection
	GlobalSection(SolutionProperties) = preSolution
		HideSolutionNode = FALSE
	EndGlobalSection
	GlobalSection(ExtensibilityGlobals) = postSolution
		SolutionGuid = {1CF9B695-51A6-417F-AF5D-0F572012E61E}
	EndGlobalSection
EndGlobal
