
Microsoft Visual Studio Solution File, Format Version 12.00
# Visual Studio Version 17
VisualStudioVersion = 17.3.32929.385
MinimumVisualStudioVersion = 10.0.40219.1
Project("{9A19103F-16F7-4668-BE54-9A1E7A4F7556}") = "MyAPI6", "MyAPI6.csproj", "{578DD485-7341-4C27-ACA7-AE0D0809D975}"
EndProject
Project("{9A19103F-16F7-4668-BE54-9A1E7A4F7556}") = "Core", "..\Core\Core.csproj", "{DC1D3DCE-1995-4E49-BA33-B25B1AA8E26C}"
EndProject
Project("{9A19103F-16F7-4668-BE54-9A1E7A4F7556}") = "ConsoleApp1", "..\ConsoleApp1\ConsoleApp1.csproj", "{45452016-AC8C-4B7D-9FCF-0478C035ACB6}"
EndProject
Project("{2150E333-8FDC-42A3-9474-1A3956D46DE8}") = "Domain", "Domain", "{056599A4-A53F-4B83-99AB-C461BB756C96}"
EndProject
Project("{FAE04EC0-301F-11D3-BF4B-00C04F79EFBC}") = "API.CORE", "..\API.CORE\API.CORE.csproj", "{D8C1E804-36A7-4F8E-A25A-47ED3304979A}"
EndProject
Project("{FAE04EC0-301F-11D3-BF4B-00C04F79EFBC}") = "API.DATA", "..\API.DATA\API.DATA.csproj", "{FB3A0035-8C5C-4E9E-81F0-FF891C41D65A}"
EndProject
Global
	GlobalSection(SolutionConfigurationPlatforms) = preSolution
		Debug|Any CPU = Debug|Any CPU
		Release|Any CPU = Release|Any CPU
	EndGlobalSection
	GlobalSection(ProjectConfigurationPlatforms) = postSolution
		{578DD485-7341-4C27-ACA7-AE0D0809D975}.Debug|Any CPU.ActiveCfg = Debug|Any CPU
		{578DD485-7341-4C27-ACA7-AE0D0809D975}.Debug|Any CPU.Build.0 = Debug|Any CPU
		{578DD485-7341-4C27-ACA7-AE0D0809D975}.Release|Any CPU.ActiveCfg = Release|Any CPU
		{578DD485-7341-4C27-ACA7-AE0D0809D975}.Release|Any CPU.Build.0 = Release|Any CPU
		{DC1D3DCE-1995-4E49-BA33-B25B1AA8E26C}.Debug|Any CPU.ActiveCfg = Debug|Any CPU
		{DC1D3DCE-1995-4E49-BA33-B25B1AA8E26C}.Debug|Any CPU.Build.0 = Debug|Any CPU
		{DC1D3DCE-1995-4E49-BA33-B25B1AA8E26C}.Release|Any CPU.ActiveCfg = Release|Any CPU
		{DC1D3DCE-1995-4E49-BA33-B25B1AA8E26C}.Release|Any CPU.Build.0 = Release|Any CPU
		{45452016-AC8C-4B7D-9FCF-0478C035ACB6}.Debug|Any CPU.ActiveCfg = Debug|Any CPU
		{45452016-AC8C-4B7D-9FCF-0478C035ACB6}.Debug|Any CPU.Build.0 = Debug|Any CPU
		{45452016-AC8C-4B7D-9FCF-0478C035ACB6}.Release|Any CPU.ActiveCfg = Release|Any CPU
		{45452016-AC8C-4B7D-9FCF-0478C035ACB6}.Release|Any CPU.Build.0 = Release|Any CPU
		{D8C1E804-36A7-4F8E-A25A-47ED3304979A}.Debug|Any CPU.ActiveCfg = Debug|Any CPU
		{D8C1E804-36A7-4F8E-A25A-47ED3304979A}.Debug|Any CPU.Build.0 = Debug|Any CPU
		{D8C1E804-36A7-4F8E-A25A-47ED3304979A}.Release|Any CPU.ActiveCfg = Release|Any CPU
		{D8C1E804-36A7-4F8E-A25A-47ED3304979A}.Release|Any CPU.Build.0 = Release|Any CPU
		{FB3A0035-8C5C-4E9E-81F0-FF891C41D65A}.Debug|Any CPU.ActiveCfg = Debug|Any CPU
		{FB3A0035-8C5C-4E9E-81F0-FF891C41D65A}.Debug|Any CPU.Build.0 = Debug|Any CPU
		{FB3A0035-8C5C-4E9E-81F0-FF891C41D65A}.Release|Any CPU.ActiveCfg = Release|Any CPU
		{FB3A0035-8C5C-4E9E-81F0-FF891C41D65A}.Release|Any CPU.Build.0 = Release|Any CPU
	EndGlobalSection
	GlobalSection(SolutionProperties) = preSolution
		HideSolutionNode = FALSE
	EndGlobalSection
	GlobalSection(NestedProjects) = preSolution
		{D8C1E804-36A7-4F8E-A25A-47ED3304979A} = {056599A4-A53F-4B83-99AB-C461BB756C96}
		{FB3A0035-8C5C-4E9E-81F0-FF891C41D65A} = {056599A4-A53F-4B83-99AB-C461BB756C96}
	EndGlobalSection
	GlobalSection(ExtensibilityGlobals) = postSolution
		SolutionGuid = {1CF9B695-51A6-417F-AF5D-0F572012E61E}
	EndGlobalSection
EndGlobal
